PODS:
  - ChameleonFramework (2.1.0):
    - ChameleonFramework/Default (= 2.1.0)
  - ChameleonFramework/Default (2.1.0)

DEPENDENCIES:
  - ChameleonFramework

SPEC CHECKSUMS:
  ChameleonFramework: d21a3cc247abfe5e37609a283a8238b03575cf64

PODFILE CHECKSUM: f84a44aaa33d94c1c0091115f13daa6a047e3f3d

COCOAPODS: 1.0.0
