// !$*UTF8*$!
{
	archiveVersion = 1;
	classes = {
	};
	objectVersion = 46;
	objects = {

/* Begin PBXBuildFile section */
		117E6F465C039769C01CF3DB /* libPods-StocksApp.a in Frameworks */ = {isa = PBXBuildFile; fileRef = 084FC332840B43B4D6B21E94 /* libPods-StocksApp.a */; };
		3348EA1A1D2C1900007321C6 /* main.m in Sources */ = {isa = PBXBuildFile; fileRef = 3348EA191D2C1900007321C6 /* main.m */; };
		3348EA1D1D2C1900007321C6 /* AppDelegate.m in Sources */ = {isa = PBXBuildFile; fileRef = 3348EA1C1D2C1900007321C6 /* AppDelegate.m */; };
		3348EA201D2C1900007321C6 /* ViewController.m in Sources */ = {isa = PBXBuildFile; fileRef = 3348EA1F1D2C1900007321C6 /* ViewController.m */; };
		3348EA231D2C1900007321C6 /* Main.storyboard in Resources */ = {isa = PBXBuildFile; fileRef = 3348EA211D2C1900007321C6 /* Main.storyboard */; };
		3348EA251D2C1900007321C6 /* Assets.xcassets in Resources */ = {isa = PBXBuildFile; fileRef = 3348EA241D2C1900007321C6 /* Assets.xcassets */; };
		3348EA281D2C1900007321C6 /* LaunchScreen.storyboard in Resources */ = {isa = PBXBuildFile; fileRef = 3348EA261D2C1900007321C6 /* LaunchScreen.storyboard */; };
		3348EA311D2C1921007321C6 /* StocksTableViewController.m in Sources */ = {isa = PBXBuildFile; fileRef = 3348EA301D2C1921007321C6 /* StocksTableViewController.m */; };
		3348EA341D2C1943007321C6 /* ResultsViewController.m in Sources */ = {isa = PBXBuildFile; fileRef = 3348EA331D2C1943007321C6 /* ResultsViewController.m */; };
/* End PBXBuildFile section */

/* Begin PBXFileReference section */
		084FC332840B43B4D6B21E94 /* libPods-StocksApp.a */ = {isa = PBXFileReference; explicitFileType = archive.ar; includeInIndex = 0; path = "libPods-StocksApp.a"; sourceTree = BUILT_PRODUCTS_DIR; };
		3348EA151D2C1900007321C6 /* StocksApp.app */ = {isa = PBXFileReference; explicitFileType = wrapper.application; includeInIndex = 0; path = StocksApp.app; sourceTree = BUILT_PRODUCTS_DIR; };
		3348EA191D2C1900007321C6 /* main.m */ = {isa = PBXFileReference; lastKnownFileType = sourcecode.c.objc; path = main.m; sourceTree = "<group>"; };
		3348EA1B1D2C1900007321C6 /* AppDelegate.h */ = {isa = PBXFileReference; lastKnownFileType = sourcecode.c.h; path = AppDelegate.h; sourceTree = "<group>"; };
		3348EA1C1D2C1900007321C6 /* AppDelegate.m */ = {isa = PBXFileReference; lastKnownFileType = sourcecode.c.objc; path = AppDelegate.m; sourceTree = "<group>"; };
		3348EA1E1D2C1900007321C6 /* ViewController.h */ = {isa = PBXFileReference; lastKnownFileType = sourcecode.c.h; path = ViewController.h; sourceTree = "<group>"; };
		3348EA1F1D2C1900007321C6 /* ViewController.m */ = {isa = PBXFileReference; lastKnownFileType = sourcecode.c.objc; path = ViewController.m; sourceTree = "<group>"; };
		3348EA221D2C1900007321C6 /* Base */ = {isa = PBXFileReference; lastKnownFileType = file.storyboard; name = Base; path = Base.lproj/Main.storyboard; sourceTree = "<group>"; };
		3348EA241D2C1900007321C6 /* Assets.xcassets */ = {isa = PBXFileReference; lastKnownFileType = folder.assetcatalog; path = Assets.xcassets; sourceTree = "<group>"; };
		3348EA271D2C1900007321C6 /* Base */ = {isa = PBXFileReference; lastKnownFileType = file.storyboard; name = Base; path = Base.lproj/LaunchScreen.storyboard; sourceTree = "<group>"; };
		3348EA291D2C1900007321C6 /* Info.plist */ = {isa = PBXFileReference; lastKnownFileType = text.plist.xml; path = Info.plist; sourceTree = "<group>"; };
		3348EA2F1D2C1921007321C6 /* StocksTableViewController.h */ = {isa = PBXFileReference; fileEncoding = 4; lastKnownFileType = sourcecode.c.h; path = StocksTableViewController.h; sourceTree = "<group>"; };
		3348EA301D2C1921007321C6 /* StocksTableViewController.m */ = {isa = PBXFileReference; fileEncoding = 4; lastKnownFileType = sourcecode.c.objc; path = StocksTableViewController.m; sourceTree = "<group>"; };
		3348EA321D2C1943007321C6 /* ResultsViewController.h */ = {isa = PBXFileReference; fileEncoding = 4; lastKnownFileType = sourcecode.c.h; path = ResultsViewController.h; sourceTree = "<group>"; };
		3348EA331D2C1943007321C6 /* ResultsViewController.m */ = {isa = PBXFileReference; fileEncoding = 4; lastKnownFileType = sourcecode.c.objc; path = ResultsViewController.m; sourceTree = "<group>"; };
		A0FCF6676B8F37252E7CC3EE /* Pods-StocksApp.debug.xcconfig */ = {isa = PBXFileReference; includeInIndex = 1; lastKnownFileType = text.xcconfig; name = "Pods-StocksApp.debug.xcconfig"; path = "Pods/Target Support Files/Pods-StocksApp/Pods-StocksApp.debug.xcconfig"; sourceTree = "<group>"; };
		B7C29CAC23F40C2E1F2E1337 /* Pods-StocksApp.release.xcconfig */ = {isa = PBXFileReference; includeInIndex = 1; lastKnownFileType = text.xcconfig; name = "Pods-StocksApp.release.xcconfig"; path = "Pods/Target Support Files/Pods-StocksApp/Pods-StocksApp.release.xcconfig"; sourceTree = "<group>"; };
/* End PBXFileReference section */

/* Begin PBXFrameworksBuildPhase section */
		3348EA121D2C1900007321C6 /* Frameworks */ = {
			isa = PBXFrameworksBuildPhase;
			buildActionMask = 2147483647;
			files = (
				117E6F465C039769C01CF3DB /* libPods-StocksApp.a in Frameworks */,
			);
			runOnlyForDeploymentPostprocessing = 0;
		};
/* End PBXFrameworksBuildPhase section */

/* Begin PBXGroup section */
		3348EA0C1D2C1900007321C6 = {
			isa = PBXGroup;
			children = (
				3348EA171D2C1900007321C6 /* StocksApp */,
				3348EA161D2C1900007321C6 /* Products */,
				C8C89F2A1E5953FA29166ACA /* Pods */,
				66E0D2BD618CBF82170CF3B8 /* Frameworks */,
			);
			sourceTree = "<group>";
		};
		3348EA161D2C1900007321C6 /* Products */ = {
			isa = PBXGroup;
			children = (
				3348EA151D2C1900007321C6 /* StocksApp.app */,
			);
			name = Products;
			sourceTree = "<group>";
		};
		3348EA171D2C1900007321C6 /* StocksApp */ = {
			isa = PBXGroup;
			children = (
				3348EA1B1D2C1900007321C6 /* AppDelegate.h */,
				3348EA1C1D2C1900007321C6 /* AppDelegate.m */,
				3348EA1E1D2C1900007321C6 /* ViewController.h */,
				3348EA1F1D2C1900007321C6 /* ViewController.m */,
				3348EA211D2C1900007321C6 /* Main.storyboard */,
				3348EA241D2C1900007321C6 /* Assets.xcassets */,
				3348EA261D2C1900007321C6 /* LaunchScreen.storyboard */,
				3348EA291D2C1900007321C6 /* Info.plist */,
				3348EA181D2C1900007321C6 /* Supporting Files */,
				3348EA2F1D2C1921007321C6 /* StocksTableViewController.h */,
				3348EA301D2C1921007321C6 /* StocksTableViewController.m */,
				3348EA321D2C1943007321C6 /* ResultsViewController.h */,
				3348EA331D2C1943007321C6 /* ResultsViewController.m */,
			);
			path = StocksApp;
			sourceTree = "<group>";
		};
		3348EA181D2C1900007321C6 /* Supporting Files */ = {
			isa = PBXGroup;
			children = (
				3348EA191D2C1900007321C6 /* main.m */,
			);
			name = "Supporting Files";
			sourceTree = "<group>";
		};
		66E0D2BD618CBF82170CF3B8 /* Frameworks */ = {
			isa = PBXGroup;
			children = (
				084FC332840B43B4D6B21E94 /* libPods-StocksApp.a */,
			);
			name = Frameworks;
			sourceTree = "<group>";
		};
		C8C89F2A1E5953FA29166ACA /* Pods */ = {
			isa = PBXGroup;
			children = (
				A0FCF6676B8F37252E7CC3EE /* Pods-StocksApp.debug.xcconfig */,
				B7C29CAC23F40C2E1F2E1337 /* Pods-StocksApp.release.xcconfig */,
			);
			name = Pods;
			sourceTree = "<group>";
		};
/* End PBXGroup section */

/* Begin PBXNativeTarget section */
		3348EA141D2C1900007321C6 /* StocksApp */ = {
			isa = PBXNativeTarget;
			buildConfigurationList = 3348EA2C1D2C1900007321C6 /* Build configuration list for PBXNativeTarget "StocksApp" */;
			buildPhases = (
				77BEB636CF8E810A85BA40E9 /* 📦 Check Pods Manifest.lock */,
				3348EA111D2C1900007321C6 /* Sources */,
				3348EA121D2C1900007321C6 /* Frameworks */,
				3348EA131D2C1900007321C6 /* Resources */,
				62A18F5C062BA64FBB522886 /* 📦 Embed Pods Frameworks */,
				900DD5C76E1E84A72F6DA878 /* 📦 Copy Pods Resources */,
			);
			buildRules = (
			);
			dependencies = (
			);
			name = StocksApp;
			productName = StocksApp;
			productReference = 3348EA151D2C1900007321C6 /* StocksApp.app */;
			productType = "com.apple.product-type.application";
		};
/* End PBXNativeTarget section */

/* Begin PBXProject section */
		3348EA0D1D2C1900007321C6 /* Project object */ = {
			isa = PBXProject;
			attributes = {
				LastUpgradeCheck = 0720;
				ORGANIZATIONNAME = "Bryan Ayllon";
				TargetAttributes = {
					3348EA141D2C1900007321C6 = {
						CreatedOnToolsVersion = 7.2.1;
						DevelopmentTeam = HFG6KLKA62;
					};
				};
			};
			buildConfigurationList = 3348EA101D2C1900007321C6 /* Build configuration list for PBXProject "StocksApp" */;
			compatibilityVersion = "Xcode 3.2";
			developmentRegion = English;
			hasScannedForEncodings = 0;
			knownRegions = (
				en,
				Base,
			);
			mainGroup = 3348EA0C1D2C1900007321C6;
			productRefGroup = 3348EA161D2C1900007321C6 /* Products */;
			projectDirPath = "";
			projectRoot = "";
			targets = (
				3348EA141D2C1900007321C6 /* StocksApp */,
			);
		};
/* End PBXProject section */

/* Begin PBXResourcesBuildPhase section */
		3348EA131D2C1900007321C6 /* Resources */ = {
			isa = PBXResourcesBuildPhase;
			buildActionMask = 2147483647;
			files = (
				3348EA281D2C1900007321C6 /* LaunchScreen.storyboard in Resources */,
				3348EA251D2C1900007321C6 /* Assets.xcassets in Resources */,
				3348EA231D2C1900007321C6 /* Main.storyboard in Resources */,
			);
			runOnlyForDeploymentPostprocessing = 0;
		};
/* End PBXResourcesBuildPhase section */

/* Begin PBXShellScriptBuildPhase section */
		62A18F5C062BA64FBB522886 /* 📦 Embed Pods Frameworks */ = {
			isa = PBXShellScriptBuildPhase;
			buildActionMask = 2147483647;
			files = (
			);
			inputPaths = (
			);
			name = "📦 Embed Pods Frameworks";
			outputPaths = (
			);
			runOnlyForDeploymentPostprocessing = 0;
			shellPath = /bin/sh;
			shellScript = "\"${SRCROOT}/Pods/Target Support Files/Pods-StocksApp/Pods-StocksApp-frameworks.sh\"\n";
			showEnvVarsInLog = 0;
		};
		77BEB636CF8E810A85BA40E9 /* 📦 Check Pods Manifest.lock */ = {
			isa = PBXShellScriptBuildPhase;
			buildActionMask = 2147483647;
			files = (
			);
			inputPaths = (
			);
			name = "📦 Check Pods Manifest.lock";
			outputPaths = (
			);
			runOnlyForDeploymentPostprocessing = 0;
			shellPath = /bin/sh;
			shellScript = "diff \"${PODS_ROOT}/../Podfile.lock\" \"${PODS_ROOT}/Manifest.lock\" > /dev/null\nif [[ $? != 0 ]] ; then\n    cat << EOM\nerror: The sandbox is not in sync with the Podfile.lock. Run 'pod install' or update your CocoaPods installation.\nEOM\n    exit 1\nfi\n";
			showEnvVarsInLog = 0;
		};
		900DD5C76E1E84A72F6DA878 /* 📦 Copy Pods Resources */ = {
			isa = PBXShellScriptBuildPhase;
			buildActionMask = 2147483647;
			files = (
			);
			inputPaths = (
			);
			name = "📦 Copy Pods Resources";
			outputPaths = (
			);
			runOnlyForDeploymentPostprocessing = 0;
			shellPath = /bin/sh;
			shellScript = "\"${SRCROOT}/Pods/Target Support Files/Pods-StocksApp/Pods-StocksApp-resources.sh\"\n";
			showEnvVarsInLog = 0;
		};
/* End PBXShellScriptBuildPhase section */

/* Begin PBXSourcesBuildPhase section */
		3348EA111D2C1900007321C6 /* Sources */ = {
			isa = PBXSourcesBuildPhase;
			buildActionMask = 2147483647;
			files = (
				3348EA311D2C1921007321C6 /* StocksTableViewController.m in Sources */,
				3348EA201D2C1900007321C6 /* ViewController.m in Sources */,
				3348EA1D1D2C1900007321C6 /* AppDelegate.m in Sources */,
				3348EA1A1D2C1900007321C6 /* main.m in Sources */,
				3348EA341D2C1943007321C6 /* ResultsViewController.m in Sources */,
			);
			runOnlyForDeploymentPostprocessing = 0;
		};
/* End PBXSourcesBuildPhase section */

/* Begin PBXVariantGroup section */
		3348EA211D2C1900007321C6 /* Main.storyboard */ = {
			isa = PBXVariantGroup;
			children = (
				3348EA221D2C1900007321C6 /* Base */,
			);
			name = Main.storyboard;
			sourceTree = "<group>";
		};
		3348EA261D2C1900007321C6 /* LaunchScreen.storyboard */ = {
			isa = PBXVariantGroup;
			children = (
				3348EA271D2C1900007321C6 /* Base */,
			);
			name = LaunchScreen.storyboard;
			sourceTree = "<group>";
		};
/* End PBXVariantGroup section */

/* Begin XCBuildConfiguration section */
		3348EA2A1D2C1900007321C6 /* Debug */ = {
			isa = XCBuildConfiguration;
			buildSettings = {
				ALWAYS_SEARCH_USER_PATHS = NO;
				CLANG_CXX_LANGUAGE_STANDARD = "gnu++0x";
				CLANG_CXX_LIBRARY = "libc++";
				CLANG_ENABLE_MODULES = YES;
				CLANG_ENABLE_OBJC_ARC = YES;
				CLANG_WARN_BOOL_CONVERSION = YES;
				CLANG_WARN_CONSTANT_CONVERSION = YES;
				CLANG_WARN_DIRECT_OBJC_ISA_USAGE = YES_ERROR;
				CLANG_WARN_EMPTY_BODY = YES;
				CLANG_WARN_ENUM_CONVERSION = YES;
				CLANG_WARN_INT_CONVERSION = YES;
				CLANG_WARN_OBJC_ROOT_CLASS = YES_ERROR;
				CLANG_WARN_UNREACHABLE_CODE = YES;
				CLANG_WARN__DUPLICATE_METHOD_MATCH = YES;
				"CODE_SIGN_IDENTITY[sdk=iphoneos*]" = "iPhone Developer";
				COPY_PHASE_STRIP = NO;
				DEBUG_INFORMATION_FORMAT = dwarf;
				ENABLE_STRICT_OBJC_MSGSEND = YES;
				ENABLE_TESTABILITY = YES;
				GCC_C_LANGUAGE_STANDARD = gnu99;
				GCC_DYNAMIC_NO_PIC = NO;
				GCC_NO_COMMON_BLOCKS = YES;
				GCC_OPTIMIZATION_LEVEL = 0;
				GCC_PREPROCESSOR_DEFINITIONS = (
					"DEBUG=1",
					"$(inherited)",
				);
				GCC_WARN_64_TO_32_BIT_CONVERSION = YES;
				GCC_WARN_ABOUT_RETURN_TYPE = YES_ERROR;
				GCC_WARN_UNDECLARED_SELECTOR = YES;
				GCC_WARN_UNINITIALIZED_AUTOS = YES_AGGRESSIVE;
				GCC_WARN_UNUSED_FUNCTION = YES;
				GCC_WARN_UNUSED_VARIABLE = YES;
				IPHONEOS_DEPLOYMENT_TARGET = 9.2;
				MTL_ENABLE_DEBUG_INFO = YES;
				ONLY_ACTIVE_ARCH = YES;
				SDKROOT = iphoneos;
				TARGETED_DEVICE_FAMILY = "1,2";
			};
			name = Debug;
		};
		3348EA2B1D2C1900007321C6 /* Release */ = {
			isa = XCBuildConfiguration;
			buildSettings = {
				ALWAYS_SEARCH_USER_PATHS = NO;
				CLANG_CXX_LANGUAGE_STANDARD = "gnu++0x";
				CLANG_CXX_LIBRARY = "libc++";
				CLANG_ENABLE_MODULES = YES;
				CLANG_ENABLE_OBJC_ARC = YES;
				CLANG_WARN_BOOL_CONVERSION = YES;
				CLANG_WARN_CONSTANT_CONVERSION = YES;
				CLANG_WARN_DIRECT_OBJC_ISA_USAGE = YES_ERROR;
				CLANG_WARN_EMPTY_BODY = YES;
				CLANG_WARN_ENUM_CONVERSION = YES;
				CLANG_WARN_INT_CONVERSION = YES;
				CLANG_WARN_OBJC_ROOT_CLASS = YES_ERROR;
				CLANG_WARN_UNREACHABLE_CODE = YES;
				CLANG_WARN__DUPLICATE_METHOD_MATCH = YES;
				"CODE_SIGN_IDENTITY[sdk=iphoneos*]" = "iPhone Developer";
				COPY_PHASE_STRIP = NO;
				DEBUG_INFORMATION_FORMAT = "dwarf-with-dsym";
				ENABLE_NS_ASSERTIONS = NO;
				ENABLE_STRICT_OBJC_MSGSEND = YES;
				GCC_C_LANGUAGE_STANDARD = gnu99;
				GCC_NO_COMMON_BLOCKS = YES;
				GCC_WARN_64_TO_32_BIT_CONVERSION = YES;
				GCC_WARN_ABOUT_RETURN_TYPE = YES_ERROR;
				GCC_WARN_UNDECLARED_SELECTOR = YES;
				GCC_WARN_UNINITIALIZED_AUTOS = YES_AGGRESSIVE;
				GCC_WARN_UNUSED_FUNCTION = YES;
				GCC_WARN_UNUSED_VARIABLE = YES;
				IPHONEOS_DEPLOYMENT_TARGET = 9.2;
				MTL_ENABLE_DEBUG_INFO = NO;
				SDKROOT = iphoneos;
				TARGETED_DEVICE_FAMILY = "1,2";
				VALIDATE_PRODUCT = YES;
			};
			name = Release;
		};
		3348EA2D1D2C1900007321C6 /* Debug */ = {
			isa = XCBuildConfiguration;
			baseConfigurationReference = A0FCF6676B8F37252E7CC3EE /* Pods-StocksApp.debug.xcconfig */;
			buildSettings = {
				ASSETCATALOG_COMPILER_APPICON_NAME = AppIcon;
				INFOPLIST_FILE = StocksApp/Info.plist;
				LD_RUNPATH_SEARCH_PATHS = "$(inherited) @executable_path/Frameworks";
				PRODUCT_BUNDLE_IDENTIFIER = com.bemonsterz.StocksApp;
				PRODUCT_NAME = "$(TARGET_NAME)";
			};
			name = Debug;
		};
		3348EA2E1D2C1900007321C6 /* Release */ = {
			isa = XCBuildConfiguration;
			baseConfigurationReference = B7C29CAC23F40C2E1F2E1337 /* Pods-StocksApp.release.xcconfig */;
			buildSettings = {
				ASSETCATALOG_COMPILER_APPICON_NAME = AppIcon;
				INFOPLIST_FILE = StocksApp/Info.plist;
				LD_RUNPATH_SEARCH_PATHS = "$(inherited) @executable_path/Frameworks";
				PRODUCT_BUNDLE_IDENTIFIER = com.bemonsterz.StocksApp;
				PRODUCT_NAME = "$(TARGET_NAME)";
			};
			name = Release;
		};
/* End XCBuildConfiguration section */

/* Begin XCConfigurationList section */
		3348EA101D2C1900007321C6 /* Build configuration list for PBXProject "StocksApp" */ = {
			isa = XCConfigurationList;
			buildConfigurations = (
				3348EA2A1D2C1900007321C6 /* Debug */,
				3348EA2B1D2C1900007321C6 /* Release */,
			);
			defaultConfigurationIsVisible = 0;
			defaultConfigurationName = Release;
		};
		3348EA2C1D2C1900007321C6 /* Build configuration list for PBXNativeTarget "StocksApp" */ = {
			isa = XCConfigurationList;
			buildConfigurations = (
				3348EA2D1D2C1900007321C6 /* Debug */,
				3348EA2E1D2C1900007321C6 /* Release */,
			);
			defaultConfigurationIsVisible = 0;
			defaultConfigurationName = Release;
		};
/* End XCConfigurationList section */
	};
	rootObject = 3348EA0D1D2C1900007321C6 /* Project object */;
}
